
Microsoft Visual Studio Solution File, Format Version 12.00
# Visual Studio 15
VisualStudioVersion = 15.0.28307.705
MinimumVisualStudioVersion = 10.0.40219.1
Project("{9A19103F-16F7-4668-BE54-9A1E7A4F7556}") = "Pharmaquick.Model", "Pharmaquick.Model.csproj", "{83C56998-FE5B-4BB6-9A71-E217CD889BC7}"
EndProject
Global
	GlobalSection(SolutionConfigurationPlatforms) = preSolution
		Debug|Any CPU = Debug|Any CPU
		Release|Any CPU = Release|Any CPU
	EndGlobalSection
	GlobalSection(ProjectConfigurationPlatforms) = postSolution
		{83C56998-FE5B-4BB6-9A71-E217CD889BC7}.Debug|Any CPU.ActiveCfg = Debug|Any CPU
		{83C56998-FE5B-4BB6-9A71-E217CD889BC7}.Debug|Any CPU.Build.0 = Debug|Any CPU
		{83C56998-FE5B-4BB6-9A71-E217CD889BC7}.Release|Any CPU.ActiveCfg = Release|Any CPU
		{83C56998-FE5B-4BB6-9A71-E217CD889BC7}.Release|Any CPU.Build.0 = Release|Any CPU
	EndGlobalSection
	GlobalSection(SolutionProperties) = preSolution
		HideSolutionNode = FALSE
	EndGlobalSection
	GlobalSection(ExtensibilityGlobals) = postSolution
		SolutionGuid = {4EDD5BAD-7886-437F-B751-93F09CC12D5A}
	EndGlobalSection
EndGlobal
